
Microsoft Visual Studio Solution File, Format Version 12.00
# Visual Studio Version 17
VisualStudioVersion = 17.0.32014.148
MinimumVisualStudioVersion = 10.0.40219.1
Project("{FAE04EC0-301F-11D3-BF4B-00C04F79EFBC}") = "Task1", "Task1\Task1.csproj", "{D47C3C27-538A-4827-8506-1985023C74FD}"
EndProject
Global
	GlobalSection(SolutionConfigurationPlatforms) = preSolution
		Debug|Any CPU = Debug|Any CPU
		Release|Any CPU = Release|Any CPU
	EndGlobalSection
	GlobalSection(ProjectConfigurationPlatforms) = postSolution
		{D47C3C27-538A-4827-8506-1985023C74FD}.Debug|Any CPU.ActiveCfg = Debug|Any CPU
		{D47C3C27-538A-4827-8506-1985023C74FD}.Debug|Any CPU.Build.0 = Debug|Any CPU
		{D47C3C27-538A-4827-8506-1985023C74FD}.Release|Any CPU.ActiveCfg = Release|Any CPU
		{D47C3C27-538A-4827-8506-1985023C74FD}.Release|Any CPU.Build.0 = Release|Any CPU
	EndGlobalSection
	GlobalSection(SolutionProperties) = preSolution
		HideSolutionNode = FALSE
	EndGlobalSection
	GlobalSection(ExtensibilityGlobals) = postSolution
		SolutionGuid = {C6886A4F-BC93-49C0-973F-E8DCF187D577}
	EndGlobalSection
EndGlobal
